// !$*UTF8*$!
{
	archiveVersion = 1;
	classes = {
	};
	objectVersion = 46;
	objects = {

/* Begin PBXBuildFile section */
		D400FC2A1FDAF7DD00A879C1 /* TreatmentsViewController.m in Sources */ = {isa = PBXBuildFile; fileRef = D400FC291FDAF7DD00A879C1 /* TreatmentsViewController.m */; };
		D400FC2D1FDAFBED00A879C1 /* KinkyViewController.m in Sources */ = {isa = PBXBuildFile; fileRef = D400FC2C1FDAFBED00A879C1 /* KinkyViewController.m */; };
		D400FC331FDB009200A879C1 /* KWebViewController.m in Sources */ = {isa = PBXBuildFile; fileRef = D400FC321FDB009200A879C1 /* KWebViewController.m */; };
		D400FC361FDB01FC00A879C1 /* K2WebViewController.m in Sources */ = {isa = PBXBuildFile; fileRef = D400FC351FDB01FC00A879C1 /* K2WebViewController.m */; };
		D400FC391FDB029A00A879C1 /* K3WebViewController.m in Sources */ = {isa = PBXBuildFile; fileRef = D400FC381FDB029A00A879C1 /* K3WebViewController.m */; };
		D400FC3C1FDB05B200A879C1 /* Simple-Bantu-Knot-Twist-On-Natural-Hair.png in Resources */ = {isa = PBXBuildFile; fileRef = D400FC3A1FDB05B200A879C1 /* Simple-Bantu-Knot-Twist-On-Natural-Hair.png */; };
		D400FC3D1FDB05B200A879C1 /* trulychrissy_-braid-out.png in Resources */ = {isa = PBXBuildFile; fileRef = D400FC3B1FDB05B200A879C1 /* trulychrissy_-braid-out.png */; };
		D400FC3F1FDB05BB00A879C1 /* 3_Steps_to_Get_the_Perfect_Twist_Out_With_Mielle.jpg in Resources */ = {isa = PBXBuildFile; fileRef = D400FC3E1FDB05BB00A879C1 /* 3_Steps_to_Get_the_Perfect_Twist_Out_With_Mielle.jpg */; };
		D400FC421FDB075400A879C1 /* CWebViewController.m in Sources */ = {isa = PBXBuildFile; fileRef = D400FC411FDB075400A879C1 /* CWebViewController.m */; };
		D400FC451FDB090B00A879C1 /* C2WebViewController.m in Sources */ = {isa = PBXBuildFile; fileRef = D400FC441FDB090B00A879C1 /* C2WebViewController.m */; };
		D400FC481FDB099600A879C1 /* C3WebViewController.m in Sources */ = {isa = PBXBuildFile; fileRef = D400FC471FDB099600A879C1 /* C3WebViewController.m */; };
		D400FC4A1FDB0AD000A879C1 /* c8caae3a8d36c96f84c632e40a961d08.jpg in Resources */ = {isa = PBXBuildFile; fileRef = D400FC491FDB0AD000A879C1 /* c8caae3a8d36c96f84c632e40a961d08.jpg */; };
		D400FC4C1FDB0AD900A879C1 /* 77b653beab902d65f6843cf78af1e214.jpg in Resources */ = {isa = PBXBuildFile; fileRef = D400FC4B1FDB0AD900A879C1 /* 77b653beab902d65f6843cf78af1e214.jpg */; };
		D400FC4E1FDB0AE200A879C1 /* maxresdefault.jpg in Resources */ = {isa = PBXBuildFile; fileRef = D400FC4D1FDB0AE200A879C1 /* maxresdefault.jpg */; };
		D40E6FB01FDADAC7003512D5 /* Web2ViewController.m in Sources */ = {isa = PBXBuildFile; fileRef = D40E6FAF1FDADAC7003512D5 /* Web2ViewController.m */; };
		D40E6FB41FDAE106003512D5 /* e76db48f1e57ca4e2f64de3f28dcde69--real-crown-short-hairstyles.jpg in Resources */ = {isa = PBXBuildFile; fileRef = D40E6FB31FDAE106003512D5 /* e76db48f1e57ca4e2f64de3f28dcde69--real-crown-short-hairstyles.jpg */; };
		D40E6FB61FDAE118003512D5 /* moknowshair_cheriefingercoils.jpg in Resources */ = {isa = PBXBuildFile; fileRef = D40E6FB51FDAE118003512D5 /* moknowshair_cheriefingercoils.jpg */; };
		D40E6FB81FDAE128003512D5 /* shingling-hair-method-priscilla-quaye-wash-and-go-810x456.jpg in Resources */ = {isa = PBXBuildFile; fileRef = D40E6FB71FDAE128003512D5 /* shingling-hair-method-priscilla-quaye-wash-and-go-810x456.jpg */; };
		D40E6FBB1FDAE283003512D5 /* Web3ViewController.m in Sources */ = {isa = PBXBuildFile; fileRef = D40E6FBA1FDAE283003512D5 /* Web3ViewController.m */; };
		D41E706F1FDAC36B0087C0DD /* WebViewController.m in Sources */ = {isa = PBXBuildFile; fileRef = D41E706E1FDAC36B0087C0DD /* WebViewController.m */; };
		D427CA3B1FD731F70049E012 /* HairConcernsViewController.m in Sources */ = {isa = PBXBuildFile; fileRef = D427CA3A1FD731F70049E012 /* HairConcernsViewController.m */; };
		D48B37241FDB10C700593F66 /* StylesViewController.m in Sources */ = {isa = PBXBuildFile; fileRef = D48B37231FDB10C700593F66 /* StylesViewController.m */; };
		D48B37271FDB139C00593F66 /* DWebViewController.m in Sources */ = {isa = PBXBuildFile; fileRef = D48B37261FDB139C00593F66 /* DWebViewController.m */; };
		D48B37291FDB150D00593F66 /* maxresdefault-4.jpg in Resources */ = {isa = PBXBuildFile; fileRef = D48B37281FDB150D00593F66 /* maxresdefault-4.jpg */; };
		D48B372C1FDB154600593F66 /* D2WebViewController.m in Sources */ = {isa = PBXBuildFile; fileRef = D48B372B1FDB154600593F66 /* D2WebViewController.m */; };
		D48B372E1FDB15F300593F66 /* maxresdefault-5.jpg in Resources */ = {isa = PBXBuildFile; fileRef = D48B372D1FDB15F300593F66 /* maxresdefault-5.jpg */; };
		D48B37311FDB162300593F66 /* D3WebViewController.m in Sources */ = {isa = PBXBuildFile; fileRef = D48B37301FDB162300593F66 /* D3WebViewController.m */; };
		D48B37331FDB16E800593F66 /* 09-04-16-protein-treatment3-1.jpg in Resources */ = {isa = PBXBuildFile; fileRef = D48B37321FDB16E800593F66 /* 09-04-16-protein-treatment3-1.jpg */; };
		D48B37361FDB198600593F66 /* DRWebViewController.m in Sources */ = {isa = PBXBuildFile; fileRef = D48B37351FDB198600593F66 /* DRWebViewController.m */; };
		D48B37381FDB1A7C00593F66 /* deep-condition-natural-hair.jpg in Resources */ = {isa = PBXBuildFile; fileRef = D48B37371FDB1A7C00593F66 /* deep-condition-natural-hair.jpg */; };
		D48B373B1FDB1AB200593F66 /* DR2WebViewController.m in Sources */ = {isa = PBXBuildFile; fileRef = D48B373A1FDB1AB200593F66 /* DR2WebViewController.m */; };
		D48B373D1FDB1B9900593F66 /* cantu-shea-butter-conditioning-repair-cream.jpg in Resources */ = {isa = PBXBuildFile; fileRef = D48B373C1FDB1B9900593F66 /* cantu-shea-butter-conditioning-repair-cream.jpg */; };
		D48B37401FDB1BC900593F66 /* DR3WebViewController.m in Sources */ = {isa = PBXBuildFile; fileRef = D48B373F1FDB1BC900593F66 /* DR3WebViewController.m */; };
		D48B37421FDB1CBD00593F66 /* wash-day-routine-4b-4c-hair-1024x575.jpg in Resources */ = {isa = PBXBuildFile; fileRef = D48B37411FDB1CBD00593F66 /* wash-day-routine-4b-4c-hair-1024x575.jpg */; };
		D48B37451FDB1E4D00593F66 /* HairGoalsViewController.m in Sources */ = {isa = PBXBuildFile; fileRef = D48B37441FDB1E4D00593F66 /* HairGoalsViewController.m */; };
		D4ED45531FD6E29A00E2BCAF /* Logo.jpg in Resources */ = {isa = PBXBuildFile; fileRef = D4ED45521FD6E29A00E2BCAF /* Logo.jpg */; };
		D4EEB56A1FCC575100A69241 /* main.m in Sources */ = {isa = PBXBuildFile; fileRef = D4EEB5691FCC575100A69241 /* main.m */; };
		D4EEB56D1FCC575100A69241 /* AppDelegate.m in Sources */ = {isa = PBXBuildFile; fileRef = D4EEB56C1FCC575100A69241 /* AppDelegate.m */; };
		D4EEB5701FCC575100A69241 /* HairTypeViewController.m in Sources */ = {isa = PBXBuildFile; fileRef = D4EEB56F1FCC575100A69241 /* HairTypeViewController.m */; };
		D4EEB5731FCC575100A69241 /* Main.storyboard in Resources */ = {isa = PBXBuildFile; fileRef = D4EEB5711FCC575100A69241 /* Main.storyboard */; };
		D4EEB5751FCC575100A69241 /* Assets.xcassets in Resources */ = {isa = PBXBuildFile; fileRef = D4EEB5741FCC575100A69241 /* Assets.xcassets */; };
		D4EEB5781FCC575100A69241 /* LaunchScreen.storyboard in Resources */ = {isa = PBXBuildFile; fileRef = D4EEB5761FCC575100A69241 /* LaunchScreen.storyboard */; };
		D4EEB5831FCC575100A69241 /* TheCurlyGuide1Tests.m in Sources */ = {isa = PBXBuildFile; fileRef = D4EEB5821FCC575100A69241 /* TheCurlyGuide1Tests.m */; };
		D4EEB58E1FCC575100A69241 /* TheCurlyGuide1UITests.m in Sources */ = {isa = PBXBuildFile; fileRef = D4EEB58D1FCC575100A69241 /* TheCurlyGuide1UITests.m */; };
/* End PBXBuildFile section */

/* Begin PBXContainerItemProxy section */
		D4EEB57F1FCC575100A69241 /* PBXContainerItemProxy */ = {
			isa = PBXContainerItemProxy;
			containerPortal = D4EEB55D1FCC575100A69241 /* Project object */;
			proxyType = 1;
			remoteGlobalIDString = D4EEB5641FCC575100A69241;
			remoteInfo = TheCurlyGuide1;
		};
		D4EEB58A1FCC575100A69241 /* PBXContainerItemProxy */ = {
			isa = PBXContainerItemProxy;
			containerPortal = D4EEB55D1FCC575100A69241 /* Project object */;
			proxyType = 1;
			remoteGlobalIDString = D4EEB5641FCC575100A69241;
			remoteInfo = TheCurlyGuide1;
		};
/* End PBXContainerItemProxy section */

/* Begin PBXFileReference section */
		D400FC281FDAF7DD00A879C1 /* TreatmentsViewController.h */ = {isa = PBXFileReference; fileEncoding = 4; lastKnownFileType = sourcecode.c.h; path = TreatmentsViewController.h; sourceTree = "<group>"; };
		D400FC291FDAF7DD00A879C1 /* TreatmentsViewController.m */ = {isa = PBXFileReference; fileEncoding = 4; lastKnownFileType = sourcecode.c.objc; path = TreatmentsViewController.m; sourceTree = "<group>"; };
		D400FC2B1FDAFBED00A879C1 /* KinkyViewController.h */ = {isa = PBXFileReference; fileEncoding = 4; lastKnownFileType = sourcecode.c.h; path = KinkyViewController.h; sourceTree = "<group>"; };
		D400FC2C1FDAFBED00A879C1 /* KinkyViewController.m */ = {isa = PBXFileReference; fileEncoding = 4; lastKnownFileType = sourcecode.c.objc; path = KinkyViewController.m; sourceTree = "<group>"; };
		D400FC311FDB009200A879C1 /* KWebViewController.h */ = {isa = PBXFileReference; fileEncoding = 4; lastKnownFileType = sourcecode.c.h; name = KWebViewController.h; path = ../KWebViewController.h; sourceTree = "<group>"; };
		D400FC321FDB009200A879C1 /* KWebViewController.m */ = {isa = PBXFileReference; fileEncoding = 4; lastKnownFileType = sourcecode.c.objc; name = KWebViewController.m; path = ../KWebViewController.m; sourceTree = "<group>"; };
		D400FC341FDB01FC00A879C1 /* K2WebViewController.h */ = {isa = PBXFileReference; fileEncoding = 4; lastKnownFileType = sourcecode.c.h; path = K2WebViewController.h; sourceTree = "<group>"; };
		D400FC351FDB01FC00A879C1 /* K2WebViewController.m */ = {isa = PBXFileReference; fileEncoding = 4; lastKnownFileType = sourcecode.c.objc; path = K2WebViewController.m; sourceTree = "<group>"; };
		D400FC371FDB029A00A879C1 /* K3WebViewController.h */ = {isa = PBXFileReference; fileEncoding = 4; lastKnownFileType = sourcecode.c.h; path = K3WebViewController.h; sourceTree = "<group>"; };
		D400FC381FDB029A00A879C1 /* K3WebViewController.m */ = {isa = PBXFileReference; fileEncoding = 4; lastKnownFileType = sourcecode.c.objc; path = K3WebViewController.m; sourceTree = "<group>"; };
		D400FC3A1FDB05B200A879C1 /* Simple-Bantu-Knot-Twist-On-Natural-Hair.png */ = {isa = PBXFileReference; lastKnownFileType = image.png; path = "Simple-Bantu-Knot-Twist-On-Natural-Hair.png"; sourceTree = "<group>"; };
		D400FC3B1FDB05B200A879C1 /* trulychrissy_-braid-out.png */ = {isa = PBXFileReference; lastKnownFileType = image.png; path = "trulychrissy_-braid-out.png"; sourceTree = "<group>"; };
		D400FC3E1FDB05BB00A879C1 /* 3_Steps_to_Get_the_Perfect_Twist_Out_With_Mielle.jpg */ = {isa = PBXFileReference; lastKnownFileType = image.jpeg; path = 3_Steps_to_Get_the_Perfect_Twist_Out_With_Mielle.jpg; sourceTree = "<group>"; };
		D400FC401FDB075400A879C1 /* CWebViewController.h */ = {isa = PBXFileReference; fileEncoding = 4; lastKnownFileType = sourcecode.c.h; path = CWebViewController.h; sourceTree = "<group>"; };
		D400FC411FDB075400A879C1 /* CWebViewController.m */ = {isa = PBXFileReference; fileEncoding = 4; lastKnownFileType = sourcecode.c.objc; path = CWebViewController.m; sourceTree = "<group>"; };
		D400FC431FDB090B00A879C1 /* C2WebViewController.h */ = {isa = PBXFileReference; fileEncoding = 4; lastKnownFileType = sourcecode.c.h; path = C2WebViewController.h; sourceTree = "<group>"; };
		D400FC441FDB090B00A879C1 /* C2WebViewController.m */ = {isa = PBXFileReference; fileEncoding = 4; lastKnownFileType = sourcecode.c.objc; path = C2WebViewController.m; sourceTree = "<group>"; };
		D400FC461FDB099600A879C1 /* C3WebViewController.h */ = {isa = PBXFileReference; fileEncoding = 4; lastKnownFileType = sourcecode.c.h; path = C3WebViewController.h; sourceTree = "<group>"; };
		D400FC471FDB099600A879C1 /* C3WebViewController.m */ = {isa = PBXFileReference; fileEncoding = 4; lastKnownFileType = sourcecode.c.objc; path = C3WebViewController.m; sourceTree = "<group>"; };
		D400FC491FDB0AD000A879C1 /* c8caae3a8d36c96f84c632e40a961d08.jpg */ = {isa = PBXFileReference; lastKnownFileType = image.jpeg; path = c8caae3a8d36c96f84c632e40a961d08.jpg; sourceTree = "<group>"; };
		D400FC4B1FDB0AD900A879C1 /* 77b653beab902d65f6843cf78af1e214.jpg */ = {isa = PBXFileReference; lastKnownFileType = image.jpeg; path = 77b653beab902d65f6843cf78af1e214.jpg; sourceTree = "<group>"; };
		D400FC4D1FDB0AE200A879C1 /* maxresdefault.jpg */ = {isa = PBXFileReference; lastKnownFileType = image.jpeg; path = maxresdefault.jpg; sourceTree = "<group>"; };
		D40E6FAE1FDADAC6003512D5 /* Web2ViewController.h */ = {isa = PBXFileReference; fileEncoding = 4; lastKnownFileType = sourcecode.c.h; path = Web2ViewController.h; sourceTree = "<group>"; };
		D40E6FAF1FDADAC7003512D5 /* Web2ViewController.m */ = {isa = PBXFileReference; fileEncoding = 4; lastKnownFileType = sourcecode.c.objc; path = Web2ViewController.m; sourceTree = "<group>"; };
		D40E6FB31FDAE106003512D5 /* e76db48f1e57ca4e2f64de3f28dcde69--real-crown-short-hairstyles.jpg */ = {isa = PBXFileReference; lastKnownFileType = image.jpeg; path = "e76db48f1e57ca4e2f64de3f28dcde69--real-crown-short-hairstyles.jpg"; sourceTree = "<group>"; };
		D40E6FB51FDAE118003512D5 /* moknowshair_cheriefingercoils.jpg */ = {isa = PBXFileReference; lastKnownFileType = image.jpeg; path = moknowshair_cheriefingercoils.jpg; sourceTree = "<group>"; };
		D40E6FB71FDAE128003512D5 /* shingling-hair-method-priscilla-quaye-wash-and-go-810x456.jpg */ = {isa = PBXFileReference; lastKnownFileType = image.jpeg; path = "shingling-hair-method-priscilla-quaye-wash-and-go-810x456.jpg"; sourceTree = "<group>"; };
		D40E6FB91FDAE283003512D5 /* Web3ViewController.h */ = {isa = PBXFileReference; fileEncoding = 4; lastKnownFileType = sourcecode.c.h; name = Web3ViewController.h; path = ../Web3ViewController.h; sourceTree = "<group>"; };
		D40E6FBA1FDAE283003512D5 /* Web3ViewController.m */ = {isa = PBXFileReference; fileEncoding = 4; lastKnownFileType = sourcecode.c.objc; name = Web3ViewController.m; path = ../Web3ViewController.m; sourceTree = "<group>"; };
		D41E706D1FDAC36B0087C0DD /* WebViewController.h */ = {isa = PBXFileReference; fileEncoding = 4; lastKnownFileType = sourcecode.c.h; path = WebViewController.h; sourceTree = "<group>"; };
		D41E706E1FDAC36B0087C0DD /* WebViewController.m */ = {isa = PBXFileReference; fileEncoding = 4; lastKnownFileType = sourcecode.c.objc; path = WebViewController.m; sourceTree = "<group>"; };
		D427CA391FD731F70049E012 /* HairConcernsViewController.h */ = {isa = PBXFileReference; fileEncoding = 4; lastKnownFileType = sourcecode.c.h; path = HairConcernsViewController.h; sourceTree = "<group>"; };
		D427CA3A1FD731F70049E012 /* HairConcernsViewController.m */ = {isa = PBXFileReference; fileEncoding = 4; lastKnownFileType = sourcecode.c.objc; path = HairConcernsViewController.m; sourceTree = "<group>"; };
		D48B37221FDB10B800593F66 /* StylesViewController.h */ = {isa = PBXFileReference; lastKnownFileType = sourcecode.c.h; path = StylesViewController.h; sourceTree = "<group>"; };
		D48B37231FDB10C700593F66 /* StylesViewController.m */ = {isa = PBXFileReference; fileEncoding = 4; lastKnownFileType = sourcecode.c.objc; path = StylesViewController.m; sourceTree = "<group>"; };
		D48B37251FDB139C00593F66 /* DWebViewController.h */ = {isa = PBXFileReference; fileEncoding = 4; lastKnownFileType = sourcecode.c.h; path = DWebViewController.h; sourceTree = "<group>"; };
		D48B37261FDB139C00593F66 /* DWebViewController.m */ = {isa = PBXFileReference; fileEncoding = 4; lastKnownFileType = sourcecode.c.objc; path = DWebViewController.m; sourceTree = "<group>"; };
		D48B37281FDB150D00593F66 /* maxresdefault-4.jpg */ = {isa = PBXFileReference; lastKnownFileType = image.jpeg; path = "maxresdefault-4.jpg"; sourceTree = "<group>"; };
		D48B372A1FDB154600593F66 /* D2WebViewController.h */ = {isa = PBXFileReference; fileEncoding = 4; lastKnownFileType = sourcecode.c.h; path = D2WebViewController.h; sourceTree = "<group>"; };
		D48B372B1FDB154600593F66 /* D2WebViewController.m */ = {isa = PBXFileReference; fileEncoding = 4; lastKnownFileType = sourcecode.c.objc; path = D2WebViewController.m; sourceTree = "<group>"; };
		D48B372D1FDB15F300593F66 /* maxresdefault-5.jpg */ = {isa = PBXFileReference; lastKnownFileType = image.jpeg; path = "maxresdefault-5.jpg"; sourceTree = "<group>"; };
		D48B372F1FDB162300593F66 /* D3WebViewController.h */ = {isa = PBXFileReference; fileEncoding = 4; lastKnownFileType = sourcecode.c.h; path = D3WebViewController.h; sourceTree = "<group>"; };
		D48B37301FDB162300593F66 /* D3WebViewController.m */ = {isa = PBXFileReference; fileEncoding = 4; lastKnownFileType = sourcecode.c.objc; path = D3WebViewController.m; sourceTree = "<group>"; };
		D48B37321FDB16E800593F66 /* 09-04-16-protein-treatment3-1.jpg */ = {isa = PBXFileReference; lastKnownFileType = image.jpeg; path = "09-04-16-protein-treatment3-1.jpg"; sourceTree = "<group>"; };
		D48B37341FDB198600593F66 /* DRWebViewController.h */ = {isa = PBXFileReference; fileEncoding = 4; lastKnownFileType = sourcecode.c.h; path = DRWebViewController.h; sourceTree = "<group>"; };
		D48B37351FDB198600593F66 /* DRWebViewController.m */ = {isa = PBXFileReference; fileEncoding = 4; lastKnownFileType = sourcecode.c.objc; path = DRWebViewController.m; sourceTree = "<group>"; };
		D48B37371FDB1A7C00593F66 /* deep-condition-natural-hair.jpg */ = {isa = PBXFileReference; lastKnownFileType = image.jpeg; path = "deep-condition-natural-hair.jpg"; sourceTree = "<group>"; };
		D48B37391FDB1AB200593F66 /* DR2WebViewController.h */ = {isa = PBXFileReference; fileEncoding = 4; lastKnownFileType = sourcecode.c.h; path = DR2WebViewController.h; sourceTree = "<group>"; };
		D48B373A1FDB1AB200593F66 /* DR2WebViewController.m */ = {isa = PBXFileReference; fileEncoding = 4; lastKnownFileType = sourcecode.c.objc; path = DR2WebViewController.m; sourceTree = "<group>"; };
		D48B373C1FDB1B9900593F66 /* cantu-shea-butter-conditioning-repair-cream.jpg */ = {isa = PBXFileReference; lastKnownFileType = image.jpeg; path = "cantu-shea-butter-conditioning-repair-cream.jpg"; sourceTree = "<group>"; };
		D48B373E1FDB1BC900593F66 /* DR3WebViewController.h */ = {isa = PBXFileReference; fileEncoding = 4; lastKnownFileType = sourcecode.c.h; path = DR3WebViewController.h; sourceTree = "<group>"; };
		D48B373F1FDB1BC900593F66 /* DR3WebViewController.m */ = {isa = PBXFileReference; fileEncoding = 4; lastKnownFileType = sourcecode.c.objc; path = DR3WebViewController.m; sourceTree = "<group>"; };
		D48B37411FDB1CBD00593F66 /* wash-day-routine-4b-4c-hair-1024x575.jpg */ = {isa = PBXFileReference; lastKnownFileType = image.jpeg; path = "wash-day-routine-4b-4c-hair-1024x575.jpg"; sourceTree = "<group>"; };
		D48B37431FDB1E4D00593F66 /* HairGoalsViewController.h */ = {isa = PBXFileReference; fileEncoding = 4; lastKnownFileType = sourcecode.c.h; path = HairGoalsViewController.h; sourceTree = "<group>"; };
		D48B37441FDB1E4D00593F66 /* HairGoalsViewController.m */ = {isa = PBXFileReference; fileEncoding = 4; lastKnownFileType = sourcecode.c.objc; path = HairGoalsViewController.m; sourceTree = "<group>"; };
		D4ED45521FD6E29A00E2BCAF /* Logo.jpg */ = {isa = PBXFileReference; lastKnownFileType = image.jpeg; path = Logo.jpg; sourceTree = "<group>"; };
		D4EEB5651FCC575100A69241 /* TheCurlyGuide1.app */ = {isa = PBXFileReference; explicitFileType = wrapper.application; includeInIndex = 0; path = TheCurlyGuide1.app; sourceTree = BUILT_PRODUCTS_DIR; };
		D4EEB5691FCC575100A69241 /* main.m */ = {isa = PBXFileReference; lastKnownFileType = sourcecode.c.objc; path = main.m; sourceTree = "<group>"; };
		D4EEB56B1FCC575100A69241 /* AppDelegate.h */ = {isa = PBXFileReference; lastKnownFileType = sourcecode.c.h; path = AppDelegate.h; sourceTree = "<group>"; };
		D4EEB56C1FCC575100A69241 /* AppDelegate.m */ = {isa = PBXFileReference; lastKnownFileType = sourcecode.c.objc; path = AppDelegate.m; sourceTree = "<group>"; };
		D4EEB56E1FCC575100A69241 /* HairTypeViewController.h */ = {isa = PBXFileReference; lastKnownFileType = sourcecode.c.h; path = HairTypeViewController.h; sourceTree = "<group>"; };
		D4EEB56F1FCC575100A69241 /* HairTypeViewController.m */ = {isa = PBXFileReference; lastKnownFileType = sourcecode.c.objc; path = HairTypeViewController.m; sourceTree = "<group>"; };
		D4EEB5721FCC575100A69241 /* Base */ = {isa = PBXFileReference; lastKnownFileType = file.storyboard; name = Base; path = Base.lproj/Main.storyboard; sourceTree = "<group>"; };
		D4EEB5741FCC575100A69241 /* Assets.xcassets */ = {isa = PBXFileReference; lastKnownFileType = folder.assetcatalog; path = Assets.xcassets; sourceTree = "<group>"; };
		D4EEB5771FCC575100A69241 /* Base */ = {isa = PBXFileReference; lastKnownFileType = file.storyboard; name = Base; path = Base.lproj/LaunchScreen.storyboard; sourceTree = "<group>"; };
		D4EEB5791FCC575100A69241 /* Info.plist */ = {isa = PBXFileReference; lastKnownFileType = text.plist.xml; path = Info.plist; sourceTree = "<group>"; };
		D4EEB57E1FCC575100A69241 /* TheCurlyGuide1Tests.xctest */ = {isa = PBXFileReference; explicitFileType = wrapper.cfbundle; includeInIndex = 0; path = TheCurlyGuide1Tests.xctest; sourceTree = BUILT_PRODUCTS_DIR; };
		D4EEB5821FCC575100A69241 /* TheCurlyGuide1Tests.m */ = {isa = PBXFileReference; lastKnownFileType = sourcecode.c.objc; path = TheCurlyGuide1Tests.m; sourceTree = "<group>"; };
		D4EEB5841FCC575100A69241 /* Info.plist */ = {isa = PBXFileReference; lastKnownFileType = text.plist.xml; path = Info.plist; sourceTree = "<group>"; };
		D4EEB5891FCC575100A69241 /* TheCurlyGuide1UITests.xctest */ = {isa = PBXFileReference; explicitFileType = wrapper.cfbundle; includeInIndex = 0; path = TheCurlyGuide1UITests.xctest; sourceTree = BUILT_PRODUCTS_DIR; };
		D4EEB58D1FCC575100A69241 /* TheCurlyGuide1UITests.m */ = {isa = PBXFileReference; lastKnownFileType = sourcecode.c.objc; path = TheCurlyGuide1UITests.m; sourceTree = "<group>"; };
		D4EEB58F1FCC575100A69241 /* Info.plist */ = {isa = PBXFileReference; lastKnownFileType = text.plist.xml; path = Info.plist; sourceTree = "<group>"; };
/* End PBXFileReference section */

/* Begin PBXFrameworksBuildPhase section */
		D4EEB5621FCC575100A69241 /* Frameworks */ = {
			isa = PBXFrameworksBuildPhase;
			buildActionMask = 2147483647;
			files = (
			);
			runOnlyForDeploymentPostprocessing = 0;
		};
		D4EEB57B1FCC575100A69241 /* Frameworks */ = {
			isa = PBXFrameworksBuildPhase;
			buildActionMask = 2147483647;
			files = (
			);
			runOnlyForDeploymentPostprocessing = 0;
		};
		D4EEB5861FCC575100A69241 /* Frameworks */ = {
			isa = PBXFrameworksBuildPhase;
			buildActionMask = 2147483647;
			files = (
			);
			runOnlyForDeploymentPostprocessing = 0;
		};
/* End PBXFrameworksBuildPhase section */

/* Begin PBXGroup section */
		D4EEB55C1FCC575100A69241 = {
			isa = PBXGroup;
			children = (
				D4EEB5671FCC575100A69241 /* TheCurlyGuide1 */,
				D4EEB5811FCC575100A69241 /* TheCurlyGuide1Tests */,
				D4EEB58C1FCC575100A69241 /* TheCurlyGuide1UITests */,
				D4EEB5661FCC575100A69241 /* Products */,
			);
			sourceTree = "<group>";
		};
		D4EEB5661FCC575100A69241 /* Products */ = {
			isa = PBXGroup;
			children = (
				D4EEB5651FCC575100A69241 /* TheCurlyGuide1.app */,
				D4EEB57E1FCC575100A69241 /* TheCurlyGuide1Tests.xctest */,
				D4EEB5891FCC575100A69241 /* TheCurlyGuide1UITests.xctest */,
			);
			name = Products;
			sourceTree = "<group>";
		};
		D4EEB5671FCC575100A69241 /* TheCurlyGuide1 */ = {
			isa = PBXGroup;
			children = (
				D4EEB56B1FCC575100A69241 /* AppDelegate.h */,
				D4EEB56C1FCC575100A69241 /* AppDelegate.m */,
				D4EEB56E1FCC575100A69241 /* HairTypeViewController.h */,
				D4EEB56F1FCC575100A69241 /* HairTypeViewController.m */,
				D4EEB5711FCC575100A69241 /* Main.storyboard */,
				D48B37431FDB1E4D00593F66 /* HairGoalsViewController.h */,
				D48B37441FDB1E4D00593F66 /* HairGoalsViewController.m */,
				D48B373E1FDB1BC900593F66 /* DR3WebViewController.h */,
				D48B373F1FDB1BC900593F66 /* DR3WebViewController.m */,
				D48B37391FDB1AB200593F66 /* DR2WebViewController.h */,
				D48B373A1FDB1AB200593F66 /* DR2WebViewController.m */,
				D48B37341FDB198600593F66 /* DRWebViewController.h */,
				D48B37351FDB198600593F66 /* DRWebViewController.m */,
				D48B372F1FDB162300593F66 /* D3WebViewController.h */,
				D48B37301FDB162300593F66 /* D3WebViewController.m */,
				D48B372A1FDB154600593F66 /* D2WebViewController.h */,
				D48B372B1FDB154600593F66 /* D2WebViewController.m */,
				D48B37251FDB139C00593F66 /* DWebViewController.h */,
				D48B37261FDB139C00593F66 /* DWebViewController.m */,
				D400FC461FDB099600A879C1 /* C3WebViewController.h */,
				D400FC471FDB099600A879C1 /* C3WebViewController.m */,
				D400FC431FDB090B00A879C1 /* C2WebViewController.h */,
				D400FC441FDB090B00A879C1 /* C2WebViewController.m */,
				D400FC401FDB075400A879C1 /* CWebViewController.h */,
				D400FC411FDB075400A879C1 /* CWebViewController.m */,
				D400FC371FDB029A00A879C1 /* K3WebViewController.h */,
				D400FC381FDB029A00A879C1 /* K3WebViewController.m */,
				D400FC341FDB01FC00A879C1 /* K2WebViewController.h */,
				D400FC351FDB01FC00A879C1 /* K2WebViewController.m */,
				D400FC2B1FDAFBED00A879C1 /* KinkyViewController.h */,
				D400FC2C1FDAFBED00A879C1 /* KinkyViewController.m */,
				D400FC281FDAF7DD00A879C1 /* TreatmentsViewController.h */,
				D400FC291FDAF7DD00A879C1 /* TreatmentsViewController.m */,
				D40E6FAE1FDADAC6003512D5 /* Web2ViewController.h */,
				D40E6FAF1FDADAC7003512D5 /* Web2ViewController.m */,
				D41E706D1FDAC36B0087C0DD /* WebViewController.h */,
				D41E706E1FDAC36B0087C0DD /* WebViewController.m */,
				D40E6FB91FDAE283003512D5 /* Web3ViewController.h */,
				D40E6FBA1FDAE283003512D5 /* Web3ViewController.m */,
				D427CA391FD731F70049E012 /* HairConcernsViewController.h */,
				D427CA3A1FD731F70049E012 /* HairConcernsViewController.m */,
				D400FC311FDB009200A879C1 /* KWebViewController.h */,
				D400FC321FDB009200A879C1 /* KWebViewController.m */,
				D48B37221FDB10B800593F66 /* StylesViewController.h */,
				D48B37231FDB10C700593F66 /* StylesViewController.m */,
				D4EEB5741FCC575100A69241 /* Assets.xcassets */,
				D48B37411FDB1CBD00593F66 /* wash-day-routine-4b-4c-hair-1024x575.jpg */,
				D48B373C1FDB1B9900593F66 /* cantu-shea-butter-conditioning-repair-cream.jpg */,
				D48B37371FDB1A7C00593F66 /* deep-condition-natural-hair.jpg */,
				D48B37321FDB16E800593F66 /* 09-04-16-protein-treatment3-1.jpg */,
				D48B372D1FDB15F300593F66 /* maxresdefault-5.jpg */,
				D48B37281FDB150D00593F66 /* maxresdefault-4.jpg */,
				D40E6FB31FDAE106003512D5 /* e76db48f1e57ca4e2f64de3f28dcde69--real-crown-short-hairstyles.jpg */,
				D40E6FB51FDAE118003512D5 /* moknowshair_cheriefingercoils.jpg */,
				D40E6FB71FDAE128003512D5 /* shingling-hair-method-priscilla-quaye-wash-and-go-810x456.jpg */,
				D400FC3A1FDB05B200A879C1 /* Simple-Bantu-Knot-Twist-On-Natural-Hair.png */,
				D400FC3B1FDB05B200A879C1 /* trulychrissy_-braid-out.png */,
				D400FC3E1FDB05BB00A879C1 /* 3_Steps_to_Get_the_Perfect_Twist_Out_With_Mielle.jpg */,
				D400FC491FDB0AD000A879C1 /* c8caae3a8d36c96f84c632e40a961d08.jpg */,
				D400FC4B1FDB0AD900A879C1 /* 77b653beab902d65f6843cf78af1e214.jpg */,
				D400FC4D1FDB0AE200A879C1 /* maxresdefault.jpg */,
				D4EEB5761FCC575100A69241 /* LaunchScreen.storyboard */,
				D4ED45521FD6E29A00E2BCAF /* Logo.jpg */,
				D4EEB5791FCC575100A69241 /* Info.plist */,
				D4EEB5681FCC575100A69241 /* Supporting Files */,
			);
			path = TheCurlyGuide1;
			sourceTree = "<group>";
		};
		D4EEB5681FCC575100A69241 /* Supporting Files */ = {
			isa = PBXGroup;
			children = (
				D4EEB5691FCC575100A69241 /* main.m */,
			);
			name = "Supporting Files";
			sourceTree = "<group>";
		};
		D4EEB5811FCC575100A69241 /* TheCurlyGuide1Tests */ = {
			isa = PBXGroup;
			children = (
				D4EEB5821FCC575100A69241 /* TheCurlyGuide1Tests.m */,
				D4EEB5841FCC575100A69241 /* Info.plist */,
			);
			path = TheCurlyGuide1Tests;
			sourceTree = "<group>";
		};
		D4EEB58C1FCC575100A69241 /* TheCurlyGuide1UITests */ = {
			isa = PBXGroup;
			children = (
				D4EEB58D1FCC575100A69241 /* TheCurlyGuide1UITests.m */,
				D4EEB58F1FCC575100A69241 /* Info.plist */,
			);
			path = TheCurlyGuide1UITests;
			sourceTree = "<group>";
		};
/* End PBXGroup section */

/* Begin PBXNativeTarget section */
		D4EEB5641FCC575100A69241 /* TheCurlyGuide1 */ = {
			isa = PBXNativeTarget;
			buildConfigurationList = D4EEB5921FCC575100A69241 /* Build configuration list for PBXNativeTarget "TheCurlyGuide1" */;
			buildPhases = (
				D4EEB5611FCC575100A69241 /* Sources */,
				D4EEB5621FCC575100A69241 /* Frameworks */,
				D4EEB5631FCC575100A69241 /* Resources */,
			);
			buildRules = (
			);
			dependencies = (
			);
			name = TheCurlyGuide1;
			productName = TheCurlyGuide1;
			productReference = D4EEB5651FCC575100A69241 /* TheCurlyGuide1.app */;
			productType = "com.apple.product-type.application";
		};
		D4EEB57D1FCC575100A69241 /* TheCurlyGuide1Tests */ = {
			isa = PBXNativeTarget;
			buildConfigurationList = D4EEB5951FCC575100A69241 /* Build configuration list for PBXNativeTarget "TheCurlyGuide1Tests" */;
			buildPhases = (
				D4EEB57A1FCC575100A69241 /* Sources */,
				D4EEB57B1FCC575100A69241 /* Frameworks */,
				D4EEB57C1FCC575100A69241 /* Resources */,
			);
			buildRules = (
			);
			dependencies = (
				D4EEB5801FCC575100A69241 /* PBXTargetDependency */,
			);
			name = TheCurlyGuide1Tests;
			productName = TheCurlyGuide1Tests;
			productReference = D4EEB57E1FCC575100A69241 /* TheCurlyGuide1Tests.xctest */;
			productType = "com.apple.product-type.bundle.unit-test";
		};
		D4EEB5881FCC575100A69241 /* TheCurlyGuide1UITests */ = {
			isa = PBXNativeTarget;
			buildConfigurationList = D4EEB5981FCC575100A69241 /* Build configuration list for PBXNativeTarget "TheCurlyGuide1UITests" */;
			buildPhases = (
				D4EEB5851FCC575100A69241 /* Sources */,
				D4EEB5861FCC575100A69241 /* Frameworks */,
				D4EEB5871FCC575100A69241 /* Resources */,
			);
			buildRules = (
			);
			dependencies = (
				D4EEB58B1FCC575100A69241 /* PBXTargetDependency */,
			);
			name = TheCurlyGuide1UITests;
			productName = TheCurlyGuide1UITests;
			productReference = D4EEB5891FCC575100A69241 /* TheCurlyGuide1UITests.xctest */;
			productType = "com.apple.product-type.bundle.ui-testing";
		};
/* End PBXNativeTarget section */

/* Begin PBXProject section */
		D4EEB55D1FCC575100A69241 /* Project object */ = {
			isa = PBXProject;
			attributes = {
				LastUpgradeCheck = 0800;
				ORGANIZATIONNAME = "Alishia- Rougier [el16akr]";
				TargetAttributes = {
					D4EEB5641FCC575100A69241 = {
						CreatedOnToolsVersion = 8.0;
						ProvisioningStyle = Automatic;
					};
					D4EEB57D1FCC575100A69241 = {
						CreatedOnToolsVersion = 8.0;
						ProvisioningStyle = Automatic;
						TestTargetID = D4EEB5641FCC575100A69241;
					};
					D4EEB5881FCC575100A69241 = {
						CreatedOnToolsVersion = 8.0;
						ProvisioningStyle = Automatic;
						TestTargetID = D4EEB5641FCC575100A69241;
					};
				};
			};
			buildConfigurationList = D4EEB5601FCC575100A69241 /* Build configuration list for PBXProject "TheCurlyGuide1" */;
			compatibilityVersion = "Xcode 3.2";
			developmentRegion = English;
			hasScannedForEncodings = 0;
			knownRegions = (
				en,
				Base,
			);
			mainGroup = D4EEB55C1FCC575100A69241;
			productRefGroup = D4EEB5661FCC575100A69241 /* Products */;
			projectDirPath = "";
			projectRoot = "";
			targets = (
				D4EEB5641FCC575100A69241 /* TheCurlyGuide1 */,
				D4EEB57D1FCC575100A69241 /* TheCurlyGuide1Tests */,
				D4EEB5881FCC575100A69241 /* TheCurlyGuide1UITests */,
			);
		};
/* End PBXProject section */

/* Begin PBXResourcesBuildPhase section */
		D4EEB5631FCC575100A69241 /* Resources */ = {
			isa = PBXResourcesBuildPhase;
			buildActionMask = 2147483647;
			files = (
				D400FC4C1FDB0AD900A879C1 /* 77b653beab902d65f6843cf78af1e214.jpg in Resources */,
				D4ED45531FD6E29A00E2BCAF /* Logo.jpg in Resources */,
				D40E6FB81FDAE128003512D5 /* shingling-hair-method-priscilla-quaye-wash-and-go-810x456.jpg in Resources */,
				D48B37421FDB1CBD00593F66 /* wash-day-routine-4b-4c-hair-1024x575.jpg in Resources */,
				D400FC3F1FDB05BB00A879C1 /* 3_Steps_to_Get_the_Perfect_Twist_Out_With_Mielle.jpg in Resources */,
				D48B372E1FDB15F300593F66 /* maxresdefault-5.jpg in Resources */,
				D4EEB5781FCC575100A69241 /* LaunchScreen.storyboard in Resources */,
				D40E6FB61FDAE118003512D5 /* moknowshair_cheriefingercoils.jpg in Resources */,
				D48B373D1FDB1B9900593F66 /* cantu-shea-butter-conditioning-repair-cream.jpg in Resources */,
				D400FC4A1FDB0AD000A879C1 /* c8caae3a8d36c96f84c632e40a961d08.jpg in Resources */,
				D400FC4E1FDB0AE200A879C1 /* maxresdefault.jpg in Resources */,
				D40E6FB41FDAE106003512D5 /* e76db48f1e57ca4e2f64de3f28dcde69--real-crown-short-hairstyles.jpg in Resources */,
				D48B37331FDB16E800593F66 /* 09-04-16-protein-treatment3-1.jpg in Resources */,
				D4EEB5751FCC575100A69241 /* Assets.xcassets in Resources */,
				D48B37291FDB150D00593F66 /* maxresdefault-4.jpg in Resources */,
				D4EEB5731FCC575100A69241 /* Main.storyboard in Resources */,
				D400FC3D1FDB05B200A879C1 /* trulychrissy_-braid-out.png in Resources */,
				D48B37381FDB1A7C00593F66 /* deep-condition-natural-hair.jpg in Resources */,
				D400FC3C1FDB05B200A879C1 /* Simple-Bantu-Knot-Twist-On-Natural-Hair.png in Resources */,
			);
			runOnlyForDeploymentPostprocessing = 0;
		};
		D4EEB57C1FCC575100A69241 /* Resources */ = {
			isa = PBXResourcesBuildPhase;
			buildActionMask = 2147483647;
			files = (
			);
			runOnlyForDeploymentPostprocessing = 0;
		};
		D4EEB5871FCC575100A69241 /* Resources */ = {
			isa = PBXResourcesBuildPhase;
			buildActionMask = 2147483647;
			files = (
			);
			runOnlyForDeploymentPostprocessing = 0;
		};
/* End PBXResourcesBuildPhase section */

/* Begin PBXSourcesBuildPhase section */
		D4EEB5611FCC575100A69241 /* Sources */ = {
			isa = PBXSourcesBuildPhase;
			buildActionMask = 2147483647;
			files = (
				D427CA3B1FD731F70049E012 /* HairConcernsViewController.m in Sources */,
				D400FC331FDB009200A879C1 /* KWebViewController.m in Sources */,
				D400FC361FDB01FC00A879C1 /* K2WebViewController.m in Sources */,
				D48B37451FDB1E4D00593F66 /* HairGoalsViewController.m in Sources */,
				D48B37361FDB198600593F66 /* DRWebViewController.m in Sources */,
				D400FC481FDB099600A879C1 /* C3WebViewController.m in Sources */,
				D48B37241FDB10C700593F66 /* StylesViewController.m in Sources */,
				D48B372C1FDB154600593F66 /* D2WebViewController.m in Sources */,
				D48B373B1FDB1AB200593F66 /* DR2WebViewController.m in Sources */,
				D48B37311FDB162300593F66 /* D3WebViewController.m in Sources */,
				D400FC2A1FDAF7DD00A879C1 /* TreatmentsViewController.m in Sources */,
				D40E6FB01FDADAC7003512D5 /* Web2ViewController.m in Sources */,
				D48B37401FDB1BC900593F66 /* DR3WebViewController.m in Sources */,
				D400FC391FDB029A00A879C1 /* K3WebViewController.m in Sources */,
				D400FC2D1FDAFBED00A879C1 /* KinkyViewController.m in Sources */,
				D41E706F1FDAC36B0087C0DD /* WebViewController.m in Sources */,
				D48B37271FDB139C00593F66 /* DWebViewController.m in Sources */,
				D4EEB5701FCC575100A69241 /* HairTypeViewController.m in Sources */,
				D400FC421FDB075400A879C1 /* CWebViewController.m in Sources */,
				D4EEB56D1FCC575100A69241 /* AppDelegate.m in Sources */,
				D400FC451FDB090B00A879C1 /* C2WebViewController.m in Sources */,
				D4EEB56A1FCC575100A69241 /* main.m in Sources */,
				D40E6FBB1FDAE283003512D5 /* Web3ViewController.m in Sources */,
			);
			runOnlyForDeploymentPostprocessing = 0;
		};
		D4EEB57A1FCC575100A69241 /* Sources */ = {
			isa = PBXSourcesBuildPhase;
			buildActionMask = 2147483647;
			files = (
				D4EEB5831FCC575100A69241 /* TheCurlyGuide1Tests.m in Sources */,
			);
			runOnlyForDeploymentPostprocessing = 0;
		};
		D4EEB5851FCC575100A69241 /* Sources */ = {
			isa = PBXSourcesBuildPhase;
			buildActionMask = 2147483647;
			files = (
				D4EEB58E1FCC575100A69241 /* TheCurlyGuide1UITests.m in Sources */,
			);
			runOnlyForDeploymentPostprocessing = 0;
		};
/* End PBXSourcesBuildPhase section */

/* Begin PBXTargetDependency section */
		D4EEB5801FCC575100A69241 /* PBXTargetDependency */ = {
			isa = PBXTargetDependency;
			target = D4EEB5641FCC575100A69241 /* TheCurlyGuide1 */;
			targetProxy = D4EEB57F1FCC575100A69241 /* PBXContainerItemProxy */;
		};
		D4EEB58B1FCC575100A69241 /* PBXTargetDependency */ = {
			isa = PBXTargetDependency;
			target = D4EEB5641FCC575100A69241 /* TheCurlyGuide1 */;
			targetProxy = D4EEB58A1FCC575100A69241 /* PBXContainerItemProxy */;
		};
/* End PBXTargetDependency section */

/* Begin PBXVariantGroup section */
		D4EEB5711FCC575100A69241 /* Main.storyboard */ = {
			isa = PBXVariantGroup;
			children = (
				D4EEB5721FCC575100A69241 /* Base */,
			);
			name = Main.storyboard;
			sourceTree = "<group>";
		};
		D4EEB5761FCC575100A69241 /* LaunchScreen.storyboard */ = {
			isa = PBXVariantGroup;
			children = (
				D4EEB5771FCC575100A69241 /* Base */,
			);
			name = LaunchScreen.storyboard;
			sourceTree = "<group>";
		};
/* End PBXVariantGroup section */

/* Begin XCBuildConfiguration section */
		D4EEB5901FCC575100A69241 /* Debug */ = {
			isa = XCBuildConfiguration;
			buildSettings = {
				ALWAYS_SEARCH_USER_PATHS = NO;
				CLANG_ANALYZER_NONNULL = YES;
				CLANG_CXX_LANGUAGE_STANDARD = "gnu++0x";
				CLANG_CXX_LIBRARY = "libc++";
				CLANG_ENABLE_MODULES = YES;
				CLANG_ENABLE_OBJC_ARC = YES;
				CLANG_WARN_BOOL_CONVERSION = YES;
				CLANG_WARN_CONSTANT_CONVERSION = YES;
				CLANG_WARN_DIRECT_OBJC_ISA_USAGE = YES_ERROR;
				CLANG_WARN_DOCUMENTATION_COMMENTS = YES;
				CLANG_WARN_EMPTY_BODY = YES;
				CLANG_WARN_ENUM_CONVERSION = YES;
				CLANG_WARN_INFINITE_RECURSION = YES;
				CLANG_WARN_INT_CONVERSION = YES;
				CLANG_WARN_OBJC_ROOT_CLASS = YES_ERROR;
				CLANG_WARN_SUSPICIOUS_MOVES = YES;
				CLANG_WARN_UNREACHABLE_CODE = YES;
				CLANG_WARN__DUPLICATE_METHOD_MATCH = YES;
				"CODE_SIGN_IDENTITY[sdk=iphoneos*]" = "iPhone Developer";
				COPY_PHASE_STRIP = NO;
				DEBUG_INFORMATION_FORMAT = dwarf;
				ENABLE_STRICT_OBJC_MSGSEND = YES;
				ENABLE_TESTABILITY = YES;
				GCC_C_LANGUAGE_STANDARD = gnu99;
				GCC_DYNAMIC_NO_PIC = NO;
				GCC_NO_COMMON_BLOCKS = YES;
				GCC_OPTIMIZATION_LEVEL = 0;
				GCC_PREPROCESSOR_DEFINITIONS = (
					"DEBUG=1",
					"$(inherited)",
				);
				GCC_WARN_64_TO_32_BIT_CONVERSION = YES;
				GCC_WARN_ABOUT_RETURN_TYPE = YES_ERROR;
				GCC_WARN_UNDECLARED_SELECTOR = YES;
				GCC_WARN_UNINITIALIZED_AUTOS = YES_AGGRESSIVE;
				GCC_WARN_UNUSED_FUNCTION = YES;
				GCC_WARN_UNUSED_VARIABLE = YES;
				IPHONEOS_DEPLOYMENT_TARGET = 10.0;
				MTL_ENABLE_DEBUG_INFO = YES;
				ONLY_ACTIVE_ARCH = YES;
				SDKROOT = iphoneos;
				TARGETED_DEVICE_FAMILY = "1,2";
			};
			name = Debug;
		};
		D4EEB5911FCC575100A69241 /* Release */ = {
			isa = XCBuildConfiguration;
			buildSettings = {
				ALWAYS_SEARCH_USER_PATHS = NO;
				CLANG_ANALYZER_NONNULL = YES;
				CLANG_CXX_LANGUAGE_STANDARD = "gnu++0x";
				CLANG_CXX_LIBRARY = "libc++";
				CLANG_ENABLE_MODULES = YES;
				CLANG_ENABLE_OBJC_ARC = YES;
				CLANG_WARN_BOOL_CONVERSION = YES;
				CLANG_WARN_CONSTANT_CONVERSION = YES;
				CLANG_WARN_DIRECT_OBJC_ISA_USAGE = YES_ERROR;
				CLANG_WARN_DOCUMENTATION_COMMENTS = YES;
				CLANG_WARN_EMPTY_BODY = YES;
				CLANG_WARN_ENUM_CONVERSION = YES;
				CLANG_WARN_INFINITE_RECURSION = YES;
				CLANG_WARN_INT_CONVERSION = YES;
				CLANG_WARN_OBJC_ROOT_CLASS = YES_ERROR;
				CLANG_WARN_SUSPICIOUS_MOVES = YES;
				CLANG_WARN_UNREACHABLE_CODE = YES;
				CLANG_WARN__DUPLICATE_METHOD_MATCH = YES;
				"CODE_SIGN_IDENTITY[sdk=iphoneos*]" = "iPhone Developer";
				COPY_PHASE_STRIP = NO;
				DEBUG_INFORMATION_FORMAT = "dwarf-with-dsym";
				ENABLE_NS_ASSERTIONS = NO;
				ENABLE_STRICT_OBJC_MSGSEND = YES;
				GCC_C_LANGUAGE_STANDARD = gnu99;
				GCC_NO_COMMON_BLOCKS = YES;
				GCC_WARN_64_TO_32_BIT_CONVERSION = YES;
				GCC_WARN_ABOUT_RETURN_TYPE = YES_ERROR;
				GCC_WARN_UNDECLARED_SELECTOR = YES;
				GCC_WARN_UNINITIALIZED_AUTOS = YES_AGGRESSIVE;
				GCC_WARN_UNUSED_FUNCTION = YES;
				GCC_WARN_UNUSED_VARIABLE = YES;
				IPHONEOS_DEPLOYMENT_TARGET = 10.0;
				MTL_ENABLE_DEBUG_INFO = NO;
				SDKROOT = iphoneos;
				TARGETED_DEVICE_FAMILY = "1,2";
				VALIDATE_PRODUCT = YES;
			};
			name = Release;
		};
		D4EEB5931FCC575100A69241 /* Debug */ = {
			isa = XCBuildConfiguration;
			buildSettings = {
				ASSETCATALOG_COMPILER_APPICON_NAME = AppIcon;
				INFOPLIST_FILE = TheCurlyGuide1/Info.plist;
				IPHONEOS_DEPLOYMENT_TARGET = 10.0;
				LD_RUNPATH_SEARCH_PATHS = "$(inherited) @executable_path/Frameworks";
				PRODUCT_BUNDLE_IDENTIFIER = leeds.ac.uk.TheCurlyGuide1;
				PRODUCT_NAME = "$(TARGET_NAME)";
			};
			name = Debug;
		};
		D4EEB5941FCC575100A69241 /* Release */ = {
			isa = XCBuildConfiguration;
			buildSettings = {
				ASSETCATALOG_COMPILER_APPICON_NAME = AppIcon;
				INFOPLIST_FILE = TheCurlyGuide1/Info.plist;
				IPHONEOS_DEPLOYMENT_TARGET = 10.0;
				LD_RUNPATH_SEARCH_PATHS = "$(inherited) @executable_path/Frameworks";
				PRODUCT_BUNDLE_IDENTIFIER = leeds.ac.uk.TheCurlyGuide1;
				PRODUCT_NAME = "$(TARGET_NAME)";
			};
			name = Release;
		};
		D4EEB5961FCC575100A69241 /* Debug */ = {
			isa = XCBuildConfiguration;
			buildSettings = {
				BUNDLE_LOADER = "$(TEST_HOST)";
				INFOPLIST_FILE = TheCurlyGuide1Tests/Info.plist;
				LD_RUNPATH_SEARCH_PATHS = "$(inherited) @executable_path/Frameworks @loader_path/Frameworks";
				PRODUCT_BUNDLE_IDENTIFIER = leeds.ac.uk.TheCurlyGuide1Tests;
				PRODUCT_NAME = "$(TARGET_NAME)";
				TEST_HOST = "$(BUILT_PRODUCTS_DIR)/TheCurlyGuide1.app/TheCurlyGuide1";
			};
			name = Debug;
		};
		D4EEB5971FCC575100A69241 /* Release */ = {
			isa = XCBuildConfiguration;
			buildSettings = {
				BUNDLE_LOADER = "$(TEST_HOST)";
				INFOPLIST_FILE = TheCurlyGuide1Tests/Info.plist;
				LD_RUNPATH_SEARCH_PATHS = "$(inherited) @executable_path/Frameworks @loader_path/Frameworks";
				PRODUCT_BUNDLE_IDENTIFIER = leeds.ac.uk.TheCurlyGuide1Tests;
				PRODUCT_NAME = "$(TARGET_NAME)";
				TEST_HOST = "$(BUILT_PRODUCTS_DIR)/TheCurlyGuide1.app/TheCurlyGuide1";
			};
			name = Release;
		};
		D4EEB5991FCC575100A69241 /* Debug */ = {
			isa = XCBuildConfiguration;
			buildSettings = {
				INFOPLIST_FILE = TheCurlyGuide1UITests/Info.plist;
				LD_RUNPATH_SEARCH_PATHS = "$(inherited) @executable_path/Frameworks @loader_path/Frameworks";
				PRODUCT_BUNDLE_IDENTIFIER = leeds.ac.uk.TheCurlyGuide1UITests;
				PRODUCT_NAME = "$(TARGET_NAME)";
				TEST_TARGET_NAME = TheCurlyGuide1;
			};
			name = Debug;
		};
		D4EEB59A1FCC575100A69241 /* Release */ = {
			isa = XCBuildConfiguration;
			buildSettings = {
				INFOPLIST_FILE = TheCurlyGuide1UITests/Info.plist;
				LD_RUNPATH_SEARCH_PATHS = "$(inherited) @executable_path/Frameworks @loader_path/Frameworks";
				PRODUCT_BUNDLE_IDENTIFIER = leeds.ac.uk.TheCurlyGuide1UITests;
				PRODUCT_NAME = "$(TARGET_NAME)";
				TEST_TARGET_NAME = TheCurlyGuide1;
			};
			name = Release;
		};
/* End XCBuildConfiguration section */

/* Begin XCConfigurationList section */
		D4EEB5601FCC575100A69241 /* Build configuration list for PBXProject "TheCurlyGuide1" */ = {
			isa = XCConfigurationList;
			buildConfigurations = (
				D4EEB5901FCC575100A69241 /* Debug */,
				D4EEB5911FCC575100A69241 /* Release */,
			);
			defaultConfigurationIsVisible = 0;
			defaultConfigurationName = Release;
		};
		D4EEB5921FCC575100A69241 /* Build configuration list for PBXNativeTarget "TheCurlyGuide1" */ = {
			isa = XCConfigurationList;
			buildConfigurations = (
				D4EEB5931FCC575100A69241 /* Debug */,
				D4EEB5941FCC575100A69241 /* Release */,
			);
			defaultConfigurationIsVisible = 0;
			defaultConfigurationName = Release;
		};
		D4EEB5951FCC575100A69241 /* Build configuration list for PBXNativeTarget "TheCurlyGuide1Tests" */ = {
			isa = XCConfigurationList;
			buildConfigurations = (
				D4EEB5961FCC575100A69241 /* Debug */,
				D4EEB5971FCC575100A69241 /* Release */,
			);
			defaultConfigurationIsVisible = 0;
			defaultConfigurationName = Release;
		};
		D4EEB5981FCC575100A69241 /* Build configuration list for PBXNativeTarget "TheCurlyGuide1UITests" */ = {
			isa = XCConfigurationList;
			buildConfigurations = (
				D4EEB5991FCC575100A69241 /* Debug */,
				D4EEB59A1FCC575100A69241 /* Release */,
			);
			defaultConfigurationIsVisible = 0;
			defaultConfigurationName = Release;
		};
/* End XCConfigurationList section */
	};
	rootObject = D4EEB55D1FCC575100A69241 /* Project object */;
}
